
Microsoft Visual Studio Solution File, Format Version 12.00
# Visual Studio Version 16
VisualStudioVersion = 16.0.31205.134
MinimumVisualStudioVersion = 10.0.40219.1
Project("{9A19103F-16F7-4668-BE54-9A1E7A4F7556}") = "Uppgift2BankApp", "Uppgift2BankApp.csproj", "{72E491B2-48D9-45DA-A919-2D87887A8446}"
EndProject
Project("{9A19103F-16F7-4668-BE54-9A1E7A4F7556}") = "SearchApp", "..\ConsoleApp\SearchApp.csproj", "{184D8DF8-7D93-4D6B-A55F-E44E0C47F366}"
EndProject
Project("{9A19103F-16F7-4668-BE54-9A1E7A4F7556}") = "SharedLibrary", "..\SharedLibrary\SharedLibrary.csproj", "{956CD313-2929-4FEB-90C2-F52A1B191B73}"
EndProject
Project("{9A19103F-16F7-4668-BE54-9A1E7A4F7556}") = "NightBatchApp", "..\NightBatchApp\NightBatchApp.csproj", "{023DA11D-AF14-4F39-9713-B7AB9D95A6DE}"
EndProject
Project("{FAE04EC0-301F-11D3-BF4B-00C04F79EFBC}") = "UnitTests", "..\UnitTests\UnitTests.csproj", "{F3D1882C-905F-492C-8D73-CF6E8E870997}"
EndProject
Project("{FAE04EC0-301F-11D3-BF4B-00C04F79EFBC}") = "Uppgift2BankApp.Tests", "..\Uppgift2BankApp.Tests\Uppgift2BankApp.Tests.csproj", "{4EBF5ED4-FD45-40BB-B13E-A3CE3E2C141F}"
EndProject
Global
	GlobalSection(SolutionConfigurationPlatforms) = preSolution
		Debug|Any CPU = Debug|Any CPU
		Release|Any CPU = Release|Any CPU
	EndGlobalSection
	GlobalSection(ProjectConfigurationPlatforms) = postSolution
		{72E491B2-48D9-45DA-A919-2D87887A8446}.Debug|Any CPU.ActiveCfg = Debug|Any CPU
		{72E491B2-48D9-45DA-A919-2D87887A8446}.Debug|Any CPU.Build.0 = Debug|Any CPU
		{72E491B2-48D9-45DA-A919-2D87887A8446}.Release|Any CPU.ActiveCfg = Release|Any CPU
		{72E491B2-48D9-45DA-A919-2D87887A8446}.Release|Any CPU.Build.0 = Release|Any CPU
		{184D8DF8-7D93-4D6B-A55F-E44E0C47F366}.Debug|Any CPU.ActiveCfg = Debug|Any CPU
		{184D8DF8-7D93-4D6B-A55F-E44E0C47F366}.Debug|Any CPU.Build.0 = Debug|Any CPU
		{184D8DF8-7D93-4D6B-A55F-E44E0C47F366}.Release|Any CPU.ActiveCfg = Release|Any CPU
		{184D8DF8-7D93-4D6B-A55F-E44E0C47F366}.Release|Any CPU.Build.0 = Release|Any CPU
		{956CD313-2929-4FEB-90C2-F52A1B191B73}.Debug|Any CPU.ActiveCfg = Debug|Any CPU
		{956CD313-2929-4FEB-90C2-F52A1B191B73}.Debug|Any CPU.Build.0 = Debug|Any CPU
		{956CD313-2929-4FEB-90C2-F52A1B191B73}.Release|Any CPU.ActiveCfg = Release|Any CPU
		{956CD313-2929-4FEB-90C2-F52A1B191B73}.Release|Any CPU.Build.0 = Release|Any CPU
		{023DA11D-AF14-4F39-9713-B7AB9D95A6DE}.Debug|Any CPU.ActiveCfg = Debug|Any CPU
		{023DA11D-AF14-4F39-9713-B7AB9D95A6DE}.Debug|Any CPU.Build.0 = Debug|Any CPU
		{023DA11D-AF14-4F39-9713-B7AB9D95A6DE}.Release|Any CPU.ActiveCfg = Release|Any CPU
		{023DA11D-AF14-4F39-9713-B7AB9D95A6DE}.Release|Any CPU.Build.0 = Release|Any CPU
		{F3D1882C-905F-492C-8D73-CF6E8E870997}.Debug|Any CPU.ActiveCfg = Debug|Any CPU
		{F3D1882C-905F-492C-8D73-CF6E8E870997}.Debug|Any CPU.Build.0 = Debug|Any CPU
		{F3D1882C-905F-492C-8D73-CF6E8E870997}.Release|Any CPU.ActiveCfg = Release|Any CPU
		{F3D1882C-905F-492C-8D73-CF6E8E870997}.Release|Any CPU.Build.0 = Release|Any CPU
		{4EBF5ED4-FD45-40BB-B13E-A3CE3E2C141F}.Debug|Any CPU.ActiveCfg = Debug|Any CPU
		{4EBF5ED4-FD45-40BB-B13E-A3CE3E2C141F}.Debug|Any CPU.Build.0 = Debug|Any CPU
		{4EBF5ED4-FD45-40BB-B13E-A3CE3E2C141F}.Release|Any CPU.ActiveCfg = Release|Any CPU
		{4EBF5ED4-FD45-40BB-B13E-A3CE3E2C141F}.Release|Any CPU.Build.0 = Release|Any CPU
	EndGlobalSection
	GlobalSection(SolutionProperties) = preSolution
		HideSolutionNode = FALSE
	EndGlobalSection
	GlobalSection(ExtensibilityGlobals) = postSolution
		SolutionGuid = {73C553CA-E22D-40FF-8D4B-DEED6B10C5CF}
	EndGlobalSection
EndGlobal
